// !$*UTF8*$!
{
	archiveVersion = 1;
	classes = {
	};
	objectVersion = 48;
	objects = {

/* Begin PBXBuildFile section */
		401614CA1FDD7E530092FD27 /* Constants.swift in Sources */ = {isa = PBXBuildFile; fileRef = 401614C91FDD7E530092FD27 /* Constants.swift */; };
		401614CC1FDD995D0092FD27 /* LoginVC.swift in Sources */ = {isa = PBXBuildFile; fileRef = 401614CB1FDD995D0092FD27 /* LoginVC.swift */; };
		401614CE1FDD9B140092FD27 /* CreateAccountVC.swift in Sources */ = {isa = PBXBuildFile; fileRef = 401614CD1FDD9B140092FD27 /* CreateAccountVC.swift */; };
		4055A9DE1FDCB560000DAF8A /* AppDelegate.swift in Sources */ = {isa = PBXBuildFile; fileRef = 4055A9DD1FDCB560000DAF8A /* AppDelegate.swift */; };
		4055A9E31FDCB560000DAF8A /* Main.storyboard in Resources */ = {isa = PBXBuildFile; fileRef = 4055A9E11FDCB560000DAF8A /* Main.storyboard */; };
		4055A9E51FDCB561000DAF8A /* Assets.xcassets in Resources */ = {isa = PBXBuildFile; fileRef = 4055A9E41FDCB561000DAF8A /* Assets.xcassets */; };
		4055A9E81FDCB561000DAF8A /* LaunchScreen.storyboard in Resources */ = {isa = PBXBuildFile; fileRef = 4055A9E61FDCB561000DAF8A /* LaunchScreen.storyboard */; };
		4055A9F81FDCE24D000DAF8A /* ChatVC.swift in Sources */ = {isa = PBXBuildFile; fileRef = 4055A9F71FDCE24D000DAF8A /* ChatVC.swift */; };
		4055A9FA1FDCE25B000DAF8A /* ChannelVC.swift in Sources */ = {isa = PBXBuildFile; fileRef = 4055A9F91FDCE25B000DAF8A /* ChannelVC.swift */; };
		40708F371FDD57090016B849 /* SWRevealViewController.m in Sources */ = {isa = PBXBuildFile; fileRef = 40708F361FDD57090016B849 /* SWRevealViewController.m */; };
		40708F3B1FDD5B300016B849 /* GradientView.swift in Sources */ = {isa = PBXBuildFile; fileRef = 40708F3A1FDD5B300016B849 /* GradientView.swift */; };
		5837205EBB83A75AFF3972DA /* Pods_Smack.framework in Frameworks */ = {isa = PBXBuildFile; fileRef = 400BB983E0711D7FD9D306BB /* Pods_Smack.framework */; };
/* End PBXBuildFile section */

/* Begin PBXFileReference section */
		15BE141A2AF494B1523B0086 /* Pods-Smack.release.xcconfig */ = {isa = PBXFileReference; includeInIndex = 1; lastKnownFileType = text.xcconfig; name = "Pods-Smack.release.xcconfig"; path = "Pods/Target Support Files/Pods-Smack/Pods-Smack.release.xcconfig"; sourceTree = "<group>"; };
		400BB983E0711D7FD9D306BB /* Pods_Smack.framework */ = {isa = PBXFileReference; explicitFileType = wrapper.framework; includeInIndex = 0; path = Pods_Smack.framework; sourceTree = BUILT_PRODUCTS_DIR; };
		401614C91FDD7E530092FD27 /* Constants.swift */ = {isa = PBXFileReference; lastKnownFileType = sourcecode.swift; path = Constants.swift; sourceTree = "<group>"; };
		401614CB1FDD995D0092FD27 /* LoginVC.swift */ = {isa = PBXFileReference; lastKnownFileType = sourcecode.swift; path = LoginVC.swift; sourceTree = "<group>"; };
		401614CD1FDD9B140092FD27 /* CreateAccountVC.swift */ = {isa = PBXFileReference; lastKnownFileType = sourcecode.swift; path = CreateAccountVC.swift; sourceTree = "<group>"; };
		4055A9DA1FDCB560000DAF8A /* Smack.app */ = {isa = PBXFileReference; explicitFileType = wrapper.application; includeInIndex = 0; path = Smack.app; sourceTree = BUILT_PRODUCTS_DIR; };
		4055A9DD1FDCB560000DAF8A /* AppDelegate.swift */ = {isa = PBXFileReference; lastKnownFileType = sourcecode.swift; path = AppDelegate.swift; sourceTree = "<group>"; };
		4055A9E21FDCB560000DAF8A /* Base */ = {isa = PBXFileReference; lastKnownFileType = file.storyboard; name = Base; path = Base.lproj/Main.storyboard; sourceTree = "<group>"; };
		4055A9E41FDCB561000DAF8A /* Assets.xcassets */ = {isa = PBXFileReference; lastKnownFileType = folder.assetcatalog; path = Assets.xcassets; sourceTree = "<group>"; };
		4055A9E71FDCB561000DAF8A /* Base */ = {isa = PBXFileReference; lastKnownFileType = file.storyboard; name = Base; path = Base.lproj/LaunchScreen.storyboard; sourceTree = "<group>"; };
		4055A9E91FDCB561000DAF8A /* Info.plist */ = {isa = PBXFileReference; lastKnownFileType = text.plist.xml; path = Info.plist; sourceTree = "<group>"; };
		4055A9F71FDCE24D000DAF8A /* ChatVC.swift */ = {isa = PBXFileReference; lastKnownFileType = sourcecode.swift; path = ChatVC.swift; sourceTree = "<group>"; };
		4055A9F91FDCE25B000DAF8A /* ChannelVC.swift */ = {isa = PBXFileReference; lastKnownFileType = sourcecode.swift; path = ChannelVC.swift; sourceTree = "<group>"; };
		40708F341FDD57080016B849 /* Smack-Bridging-Header.h */ = {isa = PBXFileReference; lastKnownFileType = sourcecode.c.h; path = "Smack-Bridging-Header.h"; sourceTree = "<group>"; };
		40708F351FDD57090016B849 /* SWRevealViewController.h */ = {isa = PBXFileReference; fileEncoding = 4; lastKnownFileType = sourcecode.c.h; path = SWRevealViewController.h; sourceTree = "<group>"; };
		40708F361FDD57090016B849 /* SWRevealViewController.m */ = {isa = PBXFileReference; fileEncoding = 4; lastKnownFileType = sourcecode.c.objc; path = SWRevealViewController.m; sourceTree = "<group>"; };
		40708F3A1FDD5B300016B849 /* GradientView.swift */ = {isa = PBXFileReference; lastKnownFileType = sourcecode.swift; path = GradientView.swift; sourceTree = "<group>"; };
		6E697E008F3F54ED72C7B3BE /* Pods-Smack.debug.xcconfig */ = {isa = PBXFileReference; includeInIndex = 1; lastKnownFileType = text.xcconfig; name = "Pods-Smack.debug.xcconfig"; path = "Pods/Target Support Files/Pods-Smack/Pods-Smack.debug.xcconfig"; sourceTree = "<group>"; };
/* End PBXFileReference section */

/* Begin PBXFrameworksBuildPhase section */
		4055A9D71FDCB560000DAF8A /* Frameworks */ = {
			isa = PBXFrameworksBuildPhase;
			buildActionMask = 2147483647;
			files = (
				5837205EBB83A75AFF3972DA /* Pods_Smack.framework in Frameworks */,
			);
			runOnlyForDeploymentPostprocessing = 0;
		};
/* End PBXFrameworksBuildPhase section */

/* Begin PBXGroup section */
		0CCE47B03A1F5A212182F48E /* Pods */ = {
			isa = PBXGroup;
			children = (
				6E697E008F3F54ED72C7B3BE /* Pods-Smack.debug.xcconfig */,
				15BE141A2AF494B1523B0086 /* Pods-Smack.release.xcconfig */,
			);
			name = Pods;
			sourceTree = "<group>";
		};
		17B8DA5AE5D534FA004AB1CC /* Frameworks */ = {
			isa = PBXGroup;
			children = (
				400BB983E0711D7FD9D306BB /* Pods_Smack.framework */,
			);
			name = Frameworks;
			sourceTree = "<group>";
		};
		401614C81FDD7E3E0092FD27 /* Utilities */ = {
			isa = PBXGroup;
			children = (
				401614C91FDD7E530092FD27 /* Constants.swift */,
			);
			path = Utilities;
			sourceTree = "<group>";
		};
		4020C38A1FDD04D40075C459 /* Supporting Files */ = {
			isa = PBXGroup;
			children = (
				40708F351FDD57090016B849 /* SWRevealViewController.h */,
				40708F361FDD57090016B849 /* SWRevealViewController.m */,
				40708F341FDD57080016B849 /* Smack-Bridging-Header.h */,
			);
			name = "Supporting Files";
			path = "New Group";
			sourceTree = "<group>";
		};
		4055A9D11FDCB560000DAF8A = {
			isa = PBXGroup;
			children = (
				4020C38A1FDD04D40075C459 /* Supporting Files */,
				4055A9DC1FDCB560000DAF8A /* Smack */,
				4055A9EF1FDCDFDB000DAF8A /* Supporting Files */,
				4055A9DB1FDCB560000DAF8A /* Products */,
				0CCE47B03A1F5A212182F48E /* Pods */,
				17B8DA5AE5D534FA004AB1CC /* Frameworks */,
			);
			sourceTree = "<group>";
		};
		4055A9DB1FDCB560000DAF8A /* Products */ = {
			isa = PBXGroup;
			children = (
				4055A9DA1FDCB560000DAF8A /* Smack.app */,
			);
			name = Products;
			sourceTree = "<group>";
		};
		4055A9DC1FDCB560000DAF8A /* Smack */ = {
			isa = PBXGroup;
			children = (
				401614C81FDD7E3E0092FD27 /* Utilities */,
				4055A9F61FDCE234000DAF8A /* Model */,
				4055A9F51FDCE230000DAF8A /* View */,
				4055A9F41FDCE229000DAF8A /* Controller */,
				4055A9DD1FDCB560000DAF8A /* AppDelegate.swift */,
				4055A9E11FDCB560000DAF8A /* Main.storyboard */,
				4055A9E41FDCB561000DAF8A /* Assets.xcassets */,
				4055A9E61FDCB561000DAF8A /* LaunchScreen.storyboard */,
				4055A9E91FDCB561000DAF8A /* Info.plist */,
			);
			path = Smack;
			sourceTree = "<group>";
		};
		4055A9EF1FDCDFDB000DAF8A /* Supporting Files */ = {
			isa = PBXGroup;
			children = (
			);
			path = "Supporting Files";
			sourceTree = "<group>";
		};
		4055A9F41FDCE229000DAF8A /* Controller */ = {
			isa = PBXGroup;
			children = (
				4055A9F71FDCE24D000DAF8A /* ChatVC.swift */,
				4055A9F91FDCE25B000DAF8A /* ChannelVC.swift */,
				401614CB1FDD995D0092FD27 /* LoginVC.swift */,
				401614CD1FDD9B140092FD27 /* CreateAccountVC.swift */,
			);
			path = Controller;
			sourceTree = "<group>";
		};
		4055A9F51FDCE230000DAF8A /* View */ = {
			isa = PBXGroup;
			children = (
				40708F3A1FDD5B300016B849 /* GradientView.swift */,
			);
			path = View;
			sourceTree = "<group>";
		};
		4055A9F61FDCE234000DAF8A /* Model */ = {
			isa = PBXGroup;
			children = (
			);
			path = Model;
			sourceTree = "<group>";
		};
/* End PBXGroup section */

/* Begin PBXNativeTarget section */
		4055A9D91FDCB560000DAF8A /* Smack */ = {
			isa = PBXNativeTarget;
			buildConfigurationList = 4055A9EC1FDCB561000DAF8A /* Build configuration list for PBXNativeTarget "Smack" */;
			buildPhases = (
				263A6BB133DA9E28A91D442C /* [CP] Check Pods Manifest.lock */,
				4055A9D61FDCB560000DAF8A /* Sources */,
				4055A9D71FDCB560000DAF8A /* Frameworks */,
				4055A9D81FDCB560000DAF8A /* Resources */,
				29952E1935DD7B4A9285F57E /* [CP] Embed Pods Frameworks */,
				FBC05CB148F9D2EF2FBEF408 /* [CP] Copy Pods Resources */,
			);
			buildRules = (
			);
			dependencies = (
			);
			name = Smack;
			productName = Smack;
			productReference = 4055A9DA1FDCB560000DAF8A /* Smack.app */;
			productType = "com.apple.product-type.application";
		};
/* End PBXNativeTarget section */

/* Begin PBXProject section */
		4055A9D21FDCB560000DAF8A /* Project object */ = {
			isa = PBXProject;
			attributes = {
				LastSwiftUpdateCheck = 0920;
				LastUpgradeCheck = 0920;
				ORGANIZATIONNAME = "Adrian Thomas";
				TargetAttributes = {
					4055A9D91FDCB560000DAF8A = {
						CreatedOnToolsVersion = 9.2;
						LastSwiftMigration = 0920;
						ProvisioningStyle = Automatic;
					};
				};
			};
			buildConfigurationList = 4055A9D51FDCB560000DAF8A /* Build configuration list for PBXProject "Smack" */;
			compatibilityVersion = "Xcode 8.0";
			developmentRegion = en;
			hasScannedForEncodings = 0;
			knownRegions = (
				en,
				Base,
			);
			mainGroup = 4055A9D11FDCB560000DAF8A;
			productRefGroup = 4055A9DB1FDCB560000DAF8A /* Products */;
			projectDirPath = "";
			projectRoot = "";
			targets = (
				4055A9D91FDCB560000DAF8A /* Smack */,
			);
		};
/* End PBXProject section */

/* Begin PBXResourcesBuildPhase section */
		4055A9D81FDCB560000DAF8A /* Resources */ = {
			isa = PBXResourcesBuildPhase;
			buildActionMask = 2147483647;
			files = (
				4055A9E81FDCB561000DAF8A /* LaunchScreen.storyboard in Resources */,
				4055A9E51FDCB561000DAF8A /* Assets.xcassets in Resources */,
				4055A9E31FDCB560000DAF8A /* Main.storyboard in Resources */,
			);
			runOnlyForDeploymentPostprocessing = 0;
		};
/* End PBXResourcesBuildPhase section */

/* Begin PBXShellScriptBuildPhase section */
		263A6BB133DA9E28A91D442C /* [CP] Check Pods Manifest.lock */ = {
			isa = PBXShellScriptBuildPhase;
			buildActionMask = 2147483647;
			files = (
			);
			inputPaths = (
			);
			name = "[CP] Check Pods Manifest.lock";
			outputPaths = (
			);
			runOnlyForDeploymentPostprocessing = 0;
			shellPath = /bin/sh;
			shellScript = "diff \"${PODS_ROOT}/../Podfile.lock\" \"${PODS_ROOT}/Manifest.lock\" > /dev/null\nif [ $? != 0 ] ; then\n    # print error to STDERR\n    echo \"error: The sandbox is not in sync with the Podfile.lock. Run 'pod install' or update your CocoaPods installation.\" >&2\n    exit 1\nfi\n";
			showEnvVarsInLog = 0;
		};
		29952E1935DD7B4A9285F57E /* [CP] Embed Pods Frameworks */ = {
			isa = PBXShellScriptBuildPhase;
			buildActionMask = 2147483647;
			files = (
			);
			inputPaths = (
			);
			name = "[CP] Embed Pods Frameworks";
			outputPaths = (
			);
			runOnlyForDeploymentPostprocessing = 0;
			shellPath = /bin/sh;
			shellScript = "\"${SRCROOT}/Pods/Target Support Files/Pods-Smack/Pods-Smack-frameworks.sh\"\n";
			showEnvVarsInLog = 0;
		};
		FBC05CB148F9D2EF2FBEF408 /* [CP] Copy Pods Resources */ = {
			isa = PBXShellScriptBuildPhase;
			buildActionMask = 2147483647;
			files = (
			);
			inputPaths = (
			);
			name = "[CP] Copy Pods Resources";
			outputPaths = (
			);
			runOnlyForDeploymentPostprocessing = 0;
			shellPath = /bin/sh;
			shellScript = "\"${SRCROOT}/Pods/Target Support Files/Pods-Smack/Pods-Smack-resources.sh\"\n";
			showEnvVarsInLog = 0;
		};
/* End PBXShellScriptBuildPhase section */

/* Begin PBXSourcesBuildPhase section */
		4055A9D61FDCB560000DAF8A /* Sources */ = {
			isa = PBXSourcesBuildPhase;
			buildActionMask = 2147483647;
			files = (
				4055A9FA1FDCE25B000DAF8A /* ChannelVC.swift in Sources */,
				4055A9F81FDCE24D000DAF8A /* ChatVC.swift in Sources */,
				401614CE1FDD9B140092FD27 /* CreateAccountVC.swift in Sources */,
				401614CC1FDD995D0092FD27 /* LoginVC.swift in Sources */,
				40708F3B1FDD5B300016B849 /* GradientView.swift in Sources */,
				4055A9DE1FDCB560000DAF8A /* AppDelegate.swift in Sources */,
				40708F371FDD57090016B849 /* SWRevealViewController.m in Sources */,
				401614CA1FDD7E530092FD27 /* Constants.swift in Sources */,
			);
			runOnlyForDeploymentPostprocessing = 0;
		};
/* End PBXSourcesBuildPhase section */

/* Begin PBXVariantGroup section */
		4055A9E11FDCB560000DAF8A /* Main.storyboard */ = {
			isa = PBXVariantGroup;
			children = (
				4055A9E21FDCB560000DAF8A /* Base */,
			);
			name = Main.storyboard;
			sourceTree = "<group>";
		};
		4055A9E61FDCB561000DAF8A /* LaunchScreen.storyboard */ = {
			isa = PBXVariantGroup;
			children = (
				4055A9E71FDCB561000DAF8A /* Base */,
			);
			name = LaunchScreen.storyboard;
			sourceTree = "<group>";
		};
/* End PBXVariantGroup section */

/* Begin XCBuildConfiguration section */
		4055A9EA1FDCB561000DAF8A /* Debug */ = {
			isa = XCBuildConfiguration;
			buildSettings = {
				ALWAYS_SEARCH_USER_PATHS = NO;
				CLANG_ANALYZER_NONNULL = YES;
				CLANG_ANALYZER_NUMBER_OBJECT_CONVERSION = YES_AGGRESSIVE;
				CLANG_CXX_LANGUAGE_STANDARD = "gnu++14";
				CLANG_CXX_LIBRARY = "libc++";
				CLANG_ENABLE_MODULES = YES;
				CLANG_ENABLE_OBJC_ARC = YES;
				CLANG_WARN_BLOCK_CAPTURE_AUTORELEASING = YES;
				CLANG_WARN_BOOL_CONVERSION = YES;
				CLANG_WARN_COMMA = YES;
				CLANG_WARN_CONSTANT_CONVERSION = YES;
				CLANG_WARN_DIRECT_OBJC_ISA_USAGE = YES_ERROR;
				CLANG_WARN_DOCUMENTATION_COMMENTS = YES;
				CLANG_WARN_EMPTY_BODY = YES;
				CLANG_WARN_ENUM_CONVERSION = YES;
				CLANG_WARN_INFINITE_RECURSION = YES;
				CLANG_WARN_INT_CONVERSION = YES;
				CLANG_WARN_NON_LITERAL_NULL_CONVERSION = YES;
				CLANG_WARN_OBJC_LITERAL_CONVERSION = YES;
				CLANG_WARN_OBJC_ROOT_CLASS = YES_ERROR;
				CLANG_WARN_RANGE_LOOP_ANALYSIS = YES;
				CLANG_WARN_STRICT_PROTOTYPES = YES;
				CLANG_WARN_SUSPICIOUS_MOVE = YES;
				CLANG_WARN_UNGUARDED_AVAILABILITY = YES_AGGRESSIVE;
				CLANG_WARN_UNREACHABLE_CODE = YES;
				CLANG_WARN__DUPLICATE_METHOD_MATCH = YES;
				CODE_SIGN_IDENTITY = "iPhone Developer";
				COPY_PHASE_STRIP = NO;
				DEBUG_INFORMATION_FORMAT = dwarf;
				ENABLE_STRICT_OBJC_MSGSEND = YES;
				ENABLE_TESTABILITY = YES;
				GCC_C_LANGUAGE_STANDARD = gnu11;
				GCC_DYNAMIC_NO_PIC = NO;
				GCC_NO_COMMON_BLOCKS = YES;
				GCC_OPTIMIZATION_LEVEL = 0;
				GCC_PREPROCESSOR_DEFINITIONS = (
					"DEBUG=1",
					"$(inherited)",
				);
				GCC_WARN_64_TO_32_BIT_CONVERSION = YES;
				GCC_WARN_ABOUT_RETURN_TYPE = YES_ERROR;
				GCC_WARN_UNDECLARED_SELECTOR = YES;
				GCC_WARN_UNINITIALIZED_AUTOS = YES_AGGRESSIVE;
				GCC_WARN_UNUSED_FUNCTION = YES;
				GCC_WARN_UNUSED_VARIABLE = YES;
				IPHONEOS_DEPLOYMENT_TARGET = 11.2;
				MTL_ENABLE_DEBUG_INFO = YES;
				ONLY_ACTIVE_ARCH = YES;
				SDKROOT = iphoneos;
				SWIFT_ACTIVE_COMPILATION_CONDITIONS = DEBUG;
				SWIFT_OPTIMIZATION_LEVEL = "-Onone";
			};
			name = Debug;
		};
		4055A9EB1FDCB561000DAF8A /* Release */ = {
			isa = XCBuildConfiguration;
			buildSettings = {
				ALWAYS_SEARCH_USER_PATHS = NO;
				CLANG_ANALYZER_NONNULL = YES;
				CLANG_ANALYZER_NUMBER_OBJECT_CONVERSION = YES_AGGRESSIVE;
				CLANG_CXX_LANGUAGE_STANDARD = "gnu++14";
				CLANG_CXX_LIBRARY = "libc++";
				CLANG_ENABLE_MODULES = YES;
				CLANG_ENABLE_OBJC_ARC = YES;
				CLANG_WARN_BLOCK_CAPTURE_AUTORELEASING = YES;
				CLANG_WARN_BOOL_CONVERSION = YES;
				CLANG_WARN_COMMA = YES;
				CLANG_WARN_CONSTANT_CONVERSION = YES;
				CLANG_WARN_DIRECT_OBJC_ISA_USAGE = YES_ERROR;
				CLANG_WARN_DOCUMENTATION_COMMENTS = YES;
				CLANG_WARN_EMPTY_BODY = YES;
				CLANG_WARN_ENUM_CONVERSION = YES;
				CLANG_WARN_INFINITE_RECURSION = YES;
				CLANG_WARN_INT_CONVERSION = YES;
				CLANG_WARN_NON_LITERAL_NULL_CONVERSION = YES;
				CLANG_WARN_OBJC_LITERAL_CONVERSION = YES;
				CLANG_WARN_OBJC_ROOT_CLASS = YES_ERROR;
				CLANG_WARN_RANGE_LOOP_ANALYSIS = YES;
				CLANG_WARN_STRICT_PROTOTYPES = YES;
				CLANG_WARN_SUSPICIOUS_MOVE = YES;
				CLANG_WARN_UNGUARDED_AVAILABILITY = YES_AGGRESSIVE;
				CLANG_WARN_UNREACHABLE_CODE = YES;
				CLANG_WARN__DUPLICATE_METHOD_MATCH = YES;
				CODE_SIGN_IDENTITY = "iPhone Developer";
				COPY_PHASE_STRIP = NO;
				DEBUG_INFORMATION_FORMAT = "dwarf-with-dsym";
				ENABLE_NS_ASSERTIONS = NO;
				ENABLE_STRICT_OBJC_MSGSEND = YES;
				GCC_C_LANGUAGE_STANDARD = gnu11;
				GCC_NO_COMMON_BLOCKS = YES;
				GCC_WARN_64_TO_32_BIT_CONVERSION = YES;
				GCC_WARN_ABOUT_RETURN_TYPE = YES_ERROR;
				GCC_WARN_UNDECLARED_SELECTOR = YES;
				GCC_WARN_UNINITIALIZED_AUTOS = YES_AGGRESSIVE;
				GCC_WARN_UNUSED_FUNCTION = YES;
				GCC_WARN_UNUSED_VARIABLE = YES;
				IPHONEOS_DEPLOYMENT_TARGET = 11.2;
				MTL_ENABLE_DEBUG_INFO = NO;
				SDKROOT = iphoneos;
				SWIFT_OPTIMIZATION_LEVEL = "-Owholemodule";
				VALIDATE_PRODUCT = YES;
			};
			name = Release;
		};
		4055A9ED1FDCB561000DAF8A /* Debug */ = {
			isa = XCBuildConfiguration;
			baseConfigurationReference = 6E697E008F3F54ED72C7B3BE /* Pods-Smack.debug.xcconfig */;
			buildSettings = {
				ASSETCATALOG_COMPILER_APPICON_NAME = AppIcon;
				CLANG_ENABLE_MODULES = YES;
				CODE_SIGN_STYLE = Automatic;
				DEVELOPMENT_TEAM = 24HSB54M44;
				INFOPLIST_FILE = Smack/Info.plist;
				LD_RUNPATH_SEARCH_PATHS = "$(inherited) @executable_path/Frameworks";
				PRODUCT_BUNDLE_IDENTIFIER = com.adrianthomas.io.Smack;
				PRODUCT_NAME = "$(TARGET_NAME)";
				SWIFT_OBJC_BRIDGING_HEADER = "New Group/Smack-Bridging-Header.h";
				SWIFT_OPTIMIZATION_LEVEL = "-Onone";
				SWIFT_VERSION = 4.0;
				TARGETED_DEVICE_FAMILY = "1,2";
			};
			name = Debug;
		};
		4055A9EE1FDCB561000DAF8A /* Release */ = {
			isa = XCBuildConfiguration;
			baseConfigurationReference = 15BE141A2AF494B1523B0086 /* Pods-Smack.release.xcconfig */;
			buildSettings = {
				ASSETCATALOG_COMPILER_APPICON_NAME = AppIcon;
				CLANG_ENABLE_MODULES = YES;
				CODE_SIGN_STYLE = Automatic;
				DEVELOPMENT_TEAM = 24HSB54M44;
				INFOPLIST_FILE = Smack/Info.plist;
				LD_RUNPATH_SEARCH_PATHS = "$(inherited) @executable_path/Frameworks";
				PRODUCT_BUNDLE_IDENTIFIER = com.adrianthomas.io.Smack;
				PRODUCT_NAME = "$(TARGET_NAME)";
				SWIFT_OBJC_BRIDGING_HEADER = "New Group/Smack-Bridging-Header.h";
				SWIFT_VERSION = 4.0;
				TARGETED_DEVICE_FAMILY = "1,2";
			};
			name = Release;
		};
/* End XCBuildConfiguration section */

/* Begin XCConfigurationList section */
		4055A9D51FDCB560000DAF8A /* Build configuration list for PBXProject "Smack" */ = {
			isa = XCConfigurationList;
			buildConfigurations = (
				4055A9EA1FDCB561000DAF8A /* Debug */,
				4055A9EB1FDCB561000DAF8A /* Release */,
			);
			defaultConfigurationIsVisible = 0;
			defaultConfigurationName = Release;
		};
		4055A9EC1FDCB561000DAF8A /* Build configuration list for PBXNativeTarget "Smack" */ = {
			isa = XCConfigurationList;
			buildConfigurations = (
				4055A9ED1FDCB561000DAF8A /* Debug */,
				4055A9EE1FDCB561000DAF8A /* Release */,
			);
			defaultConfigurationIsVisible = 0;
			defaultConfigurationName = Release;
		};
/* End XCConfigurationList section */
	};
	rootObject = 4055A9D21FDCB560000DAF8A /* Project object */;
}
